#include <stdio.h>
#include <string.h>
void power(int, int, int);
char int_to_char(int);

int main()
{
  int number;
  int source;
  int target;
  scanf_s("%d", &number);
  scanf_s("%d", &source);
  scanf_s("%d", &target);
  if (target <= 36 || source <= 10)
  {
    power(number, source, target);
  }
  else
  {
    printf("error");
  }
  
  return 0;
}

char int_to_char(int number)
{
  if (number >= 0 && number <= 9)
  {
    return number + '0';
  }
  else if (number >= 10 && number <= 36)
  {
    return number - 10 + 'A';
  }
  else
  {
    return ' ';
  }
}

void power(int number, int source, int target)
{
  int convert_to_decimal = 0;
  char result[20];

  for (int i = 0; i < 20; i++)
  {
    result[i] = 0;
  }

  while (number > 0)
  {
    static int power = 1;
    convert_to_decimal = convert_to_decimal + (number % 10 * power);
    power = power * source;
    number = number / 10;
    if (number <= 0)
    {
      power = 1;
    }
  }

  while (convert_to_decimal > 0)
  {
    static int i = 0;
    result[i++] = int_to_char(convert_to_decimal % target);
    convert_to_decimal = convert_to_decimal / target;
    if (convert_to_decimal <= 0)
    {
      i = 0;
    }
  }

  int length = strlen(result);
  for (int i = 0; i < length / 2; i++)
  {
    result[i] = result[i] + result[length - 1 - i];
    result[length - 1 - i] = result[i] - result[length - i - 1];
    result[i] = result[i] - result[length - 1 - i];
  }
  printf("%s", result);
}
